
Microsoft Visual Studio Solution File, Format Version 12.00
# Visual Studio Version 17
VisualStudioVersion = 17.0.31903.59
MinimumVisualStudioVersion = 10.0.40219.1
Project("{2150E333-8FDC-42A3-9474-1A3956D46DE8}") = "01 Apis", "01 Apis", "{6119AF79-D34F-49B5-B224-8E70B33D7E66}"
EndProject
Project("{2150E333-8FDC-42A3-9474-1A3956D46DE8}") = "02 Core", "02 Core", "{68FF12C4-5406-433E-BF54-154D78FB29B7}"
EndProject
Project("{2150E333-8FDC-42A3-9474-1A3956D46DE8}") = "03 Database", "03 Database", "{E4A919CE-58BC-4BDA-8FFF-9E5DE79A3D90}"
EndProject
Project("{2150E333-8FDC-42A3-9474-1A3956D46DE8}") = "04 Common", "04 Common", "{62806D6E-8334-486B-9167-C5A3EBF8BA44}"
EndProject
Project("{2150E333-8FDC-42A3-9474-1A3956D46DE8}") = "05 Tests", "05 Tests", "{F8DCD6CB-549C-4B94-89D4-DBD8EB4B2DF5}"
EndProject
Project("{9A19103F-16F7-4668-BE54-9A1E7A4F7556}") = "Common", "Common\Common.csproj", "{34AF7DA2-8A0D-489F-B24C-95D16B9E3286}"
EndProject
Project("{9A19103F-16F7-4668-BE54-9A1E7A4F7556}") = "DataAccess", "DataAccess\DataAccess.csproj", "{E36AF650-567D-4EE6-B88E-AF80D98CE3E8}"
EndProject
Project("{9A19103F-16F7-4668-BE54-9A1E7A4F7556}") = "Core.Contracts", "Core.Contracts\Core.Contracts.csproj", "{1D66D6B2-6780-41D6-8B09-A4DD2D2F2979}"
EndProject
Project("{9A19103F-16F7-4668-BE54-9A1E7A4F7556}") = "Core", "Core\Core.csproj", "{A0B6DECD-4FF0-4A7F-92F3-87B58D5D3707}"
EndProject
Project("{9A19103F-16F7-4668-BE54-9A1E7A4F7556}") = "Test", "Test\Test.csproj", "{5096C8FE-167C-458D-BAD3-79461728FC3F}"
EndProject
Project("{FAE04EC0-301F-11D3-BF4B-00C04F79EFBC}") = "API", "API\API.csproj", "{C0A9F0C3-81F3-408B-8BB5-F6F8CC67979E}"
EndProject
Global
	GlobalSection(SolutionConfigurationPlatforms) = preSolution
		Debug|Any CPU = Debug|Any CPU
		Release|Any CPU = Release|Any CPU
	EndGlobalSection
	GlobalSection(ProjectConfigurationPlatforms) = postSolution
		{34AF7DA2-8A0D-489F-B24C-95D16B9E3286}.Debug|Any CPU.ActiveCfg = Debug|Any CPU
		{34AF7DA2-8A0D-489F-B24C-95D16B9E3286}.Debug|Any CPU.Build.0 = Debug|Any CPU
		{34AF7DA2-8A0D-489F-B24C-95D16B9E3286}.Release|Any CPU.ActiveCfg = Release|Any CPU
		{34AF7DA2-8A0D-489F-B24C-95D16B9E3286}.Release|Any CPU.Build.0 = Release|Any CPU
		{E36AF650-567D-4EE6-B88E-AF80D98CE3E8}.Debug|Any CPU.ActiveCfg = Debug|Any CPU
		{E36AF650-567D-4EE6-B88E-AF80D98CE3E8}.Debug|Any CPU.Build.0 = Debug|Any CPU
		{E36AF650-567D-4EE6-B88E-AF80D98CE3E8}.Release|Any CPU.ActiveCfg = Release|Any CPU
		{E36AF650-567D-4EE6-B88E-AF80D98CE3E8}.Release|Any CPU.Build.0 = Release|Any CPU
		{1D66D6B2-6780-41D6-8B09-A4DD2D2F2979}.Debug|Any CPU.ActiveCfg = Debug|Any CPU
		{1D66D6B2-6780-41D6-8B09-A4DD2D2F2979}.Debug|Any CPU.Build.0 = Debug|Any CPU
		{1D66D6B2-6780-41D6-8B09-A4DD2D2F2979}.Release|Any CPU.ActiveCfg = Release|Any CPU
		{1D66D6B2-6780-41D6-8B09-A4DD2D2F2979}.Release|Any CPU.Build.0 = Release|Any CPU
		{A0B6DECD-4FF0-4A7F-92F3-87B58D5D3707}.Debug|Any CPU.ActiveCfg = Debug|Any CPU
		{A0B6DECD-4FF0-4A7F-92F3-87B58D5D3707}.Debug|Any CPU.Build.0 = Debug|Any CPU
		{A0B6DECD-4FF0-4A7F-92F3-87B58D5D3707}.Release|Any CPU.ActiveCfg = Release|Any CPU
		{A0B6DECD-4FF0-4A7F-92F3-87B58D5D3707}.Release|Any CPU.Build.0 = Release|Any CPU
		{5096C8FE-167C-458D-BAD3-79461728FC3F}.Debug|Any CPU.ActiveCfg = Debug|Any CPU
		{5096C8FE-167C-458D-BAD3-79461728FC3F}.Debug|Any CPU.Build.0 = Debug|Any CPU
		{5096C8FE-167C-458D-BAD3-79461728FC3F}.Release|Any CPU.ActiveCfg = Release|Any CPU
		{5096C8FE-167C-458D-BAD3-79461728FC3F}.Release|Any CPU.Build.0 = Release|Any CPU
		{C0A9F0C3-81F3-408B-8BB5-F6F8CC67979E}.Debug|Any CPU.ActiveCfg = Debug|Any CPU
		{C0A9F0C3-81F3-408B-8BB5-F6F8CC67979E}.Debug|Any CPU.Build.0 = Debug|Any CPU
		{C0A9F0C3-81F3-408B-8BB5-F6F8CC67979E}.Release|Any CPU.ActiveCfg = Release|Any CPU
		{C0A9F0C3-81F3-408B-8BB5-F6F8CC67979E}.Release|Any CPU.Build.0 = Release|Any CPU
	EndGlobalSection
	GlobalSection(SolutionProperties) = preSolution
		HideSolutionNode = FALSE
	EndGlobalSection
	GlobalSection(NestedProjects) = preSolution
		{34AF7DA2-8A0D-489F-B24C-95D16B9E3286} = {62806D6E-8334-486B-9167-C5A3EBF8BA44}
		{E36AF650-567D-4EE6-B88E-AF80D98CE3E8} = {E4A919CE-58BC-4BDA-8FFF-9E5DE79A3D90}
		{1D66D6B2-6780-41D6-8B09-A4DD2D2F2979} = {68FF12C4-5406-433E-BF54-154D78FB29B7}
		{A0B6DECD-4FF0-4A7F-92F3-87B58D5D3707} = {68FF12C4-5406-433E-BF54-154D78FB29B7}
		{5096C8FE-167C-458D-BAD3-79461728FC3F} = {F8DCD6CB-549C-4B94-89D4-DBD8EB4B2DF5}
		{C0A9F0C3-81F3-408B-8BB5-F6F8CC67979E} = {6119AF79-D34F-49B5-B224-8E70B33D7E66}
	EndGlobalSection
	GlobalSection(ExtensibilityGlobals) = postSolution
		SolutionGuid = {1481594B-EE96-42AB-A19C-F76E4FE66706}
	EndGlobalSection
EndGlobal
