
Microsoft Visual Studio Solution File, Format Version 12.00
# Visual Studio Version 17
VisualStudioVersion = 17.0.31903.59
MinimumVisualStudioVersion = 10.0.40219.1
Project("{2150E333-8FDC-42A3-9474-1A3956D46DE8}") = "01 Apis", "01 Apis", "{76D51CB0-38EE-49E6-975D-C94259E480A1}"
EndProject
Project("{2150E333-8FDC-42A3-9474-1A3956D46DE8}") = "02 Core", "02 Core", "{BB037607-159A-4172-BD55-D84A47193AB3}"
EndProject
Project("{2150E333-8FDC-42A3-9474-1A3956D46DE8}") = "03 Database", "03 Database", "{EC52D5A3-911B-4072-B7D0-F6E00448DD8C}"
EndProject
Project("{2150E333-8FDC-42A3-9474-1A3956D46DE8}") = "04 Common", "04 Common", "{787371DF-551C-42DC-A839-878DABB8DF73}"
EndProject
Project("{2150E333-8FDC-42A3-9474-1A3956D46DE8}") = "05 Tests", "05 Tests", "{617E4325-5B73-49A3-AD1E-60D5C2F947E9}"
EndProject
Project("{9A19103F-16F7-4668-BE54-9A1E7A4F7556}") = "Common", "Common\Common.csproj", "{1A86B408-F1C3-489B-A2BB-51BB621B4522}"
EndProject
Project("{9A19103F-16F7-4668-BE54-9A1E7A4F7556}") = "DataAcess", "DataAcess\DataAcess.csproj", "{C7916B50-8514-42BD-A6A0-541659120D5F}"
EndProject
Project("{9A19103F-16F7-4668-BE54-9A1E7A4F7556}") = "Test", "Test\Test.csproj", "{BD07B60C-A65B-4818-AAA6-4F9CA2E0F1A1}"
EndProject
Project("{9A19103F-16F7-4668-BE54-9A1E7A4F7556}") = "Core", "Core\Core.csproj", "{8EEDCF32-A63C-44E8-9749-3C2FD7121510}"
EndProject
Project("{9A19103F-16F7-4668-BE54-9A1E7A4F7556}") = "Api", "Api\Api.csproj", "{C0245CDE-C61C-47E8-AC46-81B708BFF04A}"
EndProject
Project("{2150E333-8FDC-42A3-9474-1A3956D46DE8}") = "Solution Items", "Solution Items", "{7DD4D85C-BAB2-4C84-B650-BBAC44A5E73F}"
	ProjectSection(SolutionItems) = preProject
		Solution Items\StyleCopRuleSet.ruleset = Solution Items\StyleCopRuleSet.ruleset
	EndProjectSection
EndProject
Global
	GlobalSection(SolutionConfigurationPlatforms) = preSolution
		Debug|Any CPU = Debug|Any CPU
		Release|Any CPU = Release|Any CPU
	EndGlobalSection
	GlobalSection(ProjectConfigurationPlatforms) = postSolution
		{1A86B408-F1C3-489B-A2BB-51BB621B4522}.Debug|Any CPU.ActiveCfg = Debug|Any CPU
		{1A86B408-F1C3-489B-A2BB-51BB621B4522}.Debug|Any CPU.Build.0 = Debug|Any CPU
		{1A86B408-F1C3-489B-A2BB-51BB621B4522}.Release|Any CPU.ActiveCfg = Release|Any CPU
		{1A86B408-F1C3-489B-A2BB-51BB621B4522}.Release|Any CPU.Build.0 = Release|Any CPU
		{C7916B50-8514-42BD-A6A0-541659120D5F}.Debug|Any CPU.ActiveCfg = Debug|Any CPU
		{C7916B50-8514-42BD-A6A0-541659120D5F}.Debug|Any CPU.Build.0 = Debug|Any CPU
		{C7916B50-8514-42BD-A6A0-541659120D5F}.Release|Any CPU.ActiveCfg = Release|Any CPU
		{C7916B50-8514-42BD-A6A0-541659120D5F}.Release|Any CPU.Build.0 = Release|Any CPU
		{BD07B60C-A65B-4818-AAA6-4F9CA2E0F1A1}.Debug|Any CPU.ActiveCfg = Debug|Any CPU
		{BD07B60C-A65B-4818-AAA6-4F9CA2E0F1A1}.Debug|Any CPU.Build.0 = Debug|Any CPU
		{BD07B60C-A65B-4818-AAA6-4F9CA2E0F1A1}.Release|Any CPU.ActiveCfg = Release|Any CPU
		{BD07B60C-A65B-4818-AAA6-4F9CA2E0F1A1}.Release|Any CPU.Build.0 = Release|Any CPU
		{8EEDCF32-A63C-44E8-9749-3C2FD7121510}.Debug|Any CPU.ActiveCfg = Debug|Any CPU
		{8EEDCF32-A63C-44E8-9749-3C2FD7121510}.Debug|Any CPU.Build.0 = Debug|Any CPU
		{8EEDCF32-A63C-44E8-9749-3C2FD7121510}.Release|Any CPU.ActiveCfg = Release|Any CPU
		{8EEDCF32-A63C-44E8-9749-3C2FD7121510}.Release|Any CPU.Build.0 = Release|Any CPU
		{C0245CDE-C61C-47E8-AC46-81B708BFF04A}.Debug|Any CPU.ActiveCfg = Debug|Any CPU
		{C0245CDE-C61C-47E8-AC46-81B708BFF04A}.Debug|Any CPU.Build.0 = Debug|Any CPU
		{C0245CDE-C61C-47E8-AC46-81B708BFF04A}.Release|Any CPU.ActiveCfg = Release|Any CPU
		{C0245CDE-C61C-47E8-AC46-81B708BFF04A}.Release|Any CPU.Build.0 = Release|Any CPU
	EndGlobalSection
	GlobalSection(SolutionProperties) = preSolution
		HideSolutionNode = FALSE
	EndGlobalSection
	GlobalSection(NestedProjects) = preSolution
		{1A86B408-F1C3-489B-A2BB-51BB621B4522} = {787371DF-551C-42DC-A839-878DABB8DF73}
		{C7916B50-8514-42BD-A6A0-541659120D5F} = {EC52D5A3-911B-4072-B7D0-F6E00448DD8C}
		{BD07B60C-A65B-4818-AAA6-4F9CA2E0F1A1} = {617E4325-5B73-49A3-AD1E-60D5C2F947E9}
		{8EEDCF32-A63C-44E8-9749-3C2FD7121510} = {BB037607-159A-4172-BD55-D84A47193AB3}
		{C0245CDE-C61C-47E8-AC46-81B708BFF04A} = {76D51CB0-38EE-49E6-975D-C94259E480A1}
	EndGlobalSection
	GlobalSection(ExtensibilityGlobals) = postSolution
		SolutionGuid = {701C0B13-55FD-43F0-A8C5-90476A102E58}
	EndGlobalSection
EndGlobal
